
Microsoft Visual Studio Solution File, Format Version 12.00
# Visual Studio Version 17
VisualStudioVersion = 17.11.35327.3
MinimumVisualStudioVersion = 10.0.40219.1
Project("{FAE04EC0-301F-11D3-BF4B-00C04F79EFBC}") = "ConsoleApp4", "ConsoleApp4\ConsoleApp4.csproj", "{9AC52106-DB8F-49EC-9575-925B979E74B5}"
EndProject
Global
	GlobalSection(SolutionConfigurationPlatforms) = preSolution
		Debug|Any CPU = Debug|Any CPU
		Release|Any CPU = Release|Any CPU
	EndGlobalSection
	GlobalSection(ProjectConfigurationPlatforms) = postSolution
		{9AC52106-DB8F-49EC-9575-925B979E74B5}.Debug|Any CPU.ActiveCfg = Debug|Any CPU
		{9AC52106-DB8F-49EC-9575-925B979E74B5}.Debug|Any CPU.Build.0 = Debug|Any CPU
		{9AC52106-DB8F-49EC-9575-925B979E74B5}.Release|Any CPU.ActiveCfg = Release|Any CPU
		{9AC52106-DB8F-49EC-9575-925B979E74B5}.Release|Any CPU.Build.0 = Release|Any CPU
	EndGlobalSection
	GlobalSection(SolutionProperties) = preSolution
		HideSolutionNode = FALSE
	EndGlobalSection
	GlobalSection(ExtensibilityGlobals) = postSolution
		SolutionGuid = {AD23F75B-9221-4CA7-8414-8118BFE6AE50}
	EndGlobalSection
EndGlobal
